PODS:
  - LXFitManager (1.1.0)
  - LXPhotosManager (0.3.2):
    - LXFitManager
    - LXPhotosManager/LXHelpers (= 0.3.2)
    - LXPhotosManager/LXNinegridPhotos (= 0.3.2)
    - LXPhotosManager/LXPhotosBrowser (= 0.3.2)
  - LXPhotosManager/LXHelpers (0.3.2):
    - LXFitManager
  - LXPhotosManager/LXNinegridPhotos (0.3.2):
    - LXFitManager
    - LXPhotosManager/LXPhotosBrowser
  - LXPhotosManager/LXPhotosBrowser (0.3.2):
    - LXFitManager
    - LXPhotosManager/LXHelpers

DEPENDENCIES:
  - LXPhotosManager (from `./`)

SPEC REPOS:
  trunk:
    - LXFitManager

EXTERNAL SOURCES:
  LXPhotosManager:
    :path: "./"

SPEC CHECKSUMS:
  LXFitManager: d76fa8e60a899fccf87c66fe33e19479e1d64906
  LXPhotosManager: c40e46b77765f1832c813cc420bc627dccec8393

PODFILE CHECKSUM: f4fb62a0dc2293677d1dfcd8f9c9e4607a6e210f

COCOAPODS: 1.9.1
